
Microsoft Visual Studio Solution File, Format Version 12.00
# Visual Studio Version 16
VisualStudioVersion = 16.0.29209.62
MinimumVisualStudioVersion = 10.0.40219.1
Project("{FAE04EC0-301F-11D3-BF4B-00C04F79EFBC}") = "Hasslefree.Business", "Hasslefree.Business\Hasslefree.Business.csproj", "{88DB8112-0C51-4BD8-B63C-D69E2D96CDAF}"
EndProject
Project("{2150E333-8FDC-42A3-9474-1A3956D46DE8}") = "Libraries", "Libraries", "{37F6BF22-DF05-440A-9A9C-2C8841F7C590}"
EndProject
Project("{2150E333-8FDC-42A3-9474-1A3956D46DE8}") = "Presentation", "Presentation", "{D5F7DB16-C4E3-4986-AC61-326C189F1447}"
EndProject
Project("{FAE04EC0-301F-11D3-BF4B-00C04F79EFBC}") = "Hasslefree.UI", "Hasslefree.UI\Hasslefree.UI.csproj", "{23A10443-01D8-45DC-A467-A07DEDCC2E94}"
EndProject
Project("{FAE04EC0-301F-11D3-BF4B-00C04F79EFBC}") = "Hasslefree", "Hasslefree\Hasslefree.csproj", "{D66B6E4D-014F-478B-B52D-9263F737445E}"
EndProject
Project("{2150E333-8FDC-42A3-9474-1A3956D46DE8}") = "Tools", "Tools", "{ECAA2D4B-875B-411C-9A0F-B07CAC3C8D8E}"
EndProject
Project("{FAE04EC0-301F-11D3-BF4B-00C04F79EFBC}") = "HasslefreeTool", "Tools\HasslefreeTool\HasslefreeTool.csproj", "{FA75BEE9-BC9C-4673-B5AD-E99241ED8B20}"
EndProject
Global
	GlobalSection(SolutionConfigurationPlatforms) = preSolution
		Debug|Any CPU = Debug|Any CPU
		Debug|x64 = Debug|x64
		Release|Any CPU = Release|Any CPU
		Release|x64 = Release|x64
	EndGlobalSection
	GlobalSection(ProjectConfigurationPlatforms) = postSolution
		{88DB8112-0C51-4BD8-B63C-D69E2D96CDAF}.Debug|Any CPU.ActiveCfg = Debug|Any CPU
		{88DB8112-0C51-4BD8-B63C-D69E2D96CDAF}.Debug|Any CPU.Build.0 = Debug|Any CPU
		{88DB8112-0C51-4BD8-B63C-D69E2D96CDAF}.Debug|x64.ActiveCfg = Debug|Any CPU
		{88DB8112-0C51-4BD8-B63C-D69E2D96CDAF}.Release|Any CPU.ActiveCfg = Release|Any CPU
		{88DB8112-0C51-4BD8-B63C-D69E2D96CDAF}.Release|Any CPU.Build.0 = Release|Any CPU
		{88DB8112-0C51-4BD8-B63C-D69E2D96CDAF}.Release|x64.ActiveCfg = Release|Any CPU
		{23A10443-01D8-45DC-A467-A07DEDCC2E94}.Debug|Any CPU.ActiveCfg = Debug|Any CPU
		{23A10443-01D8-45DC-A467-A07DEDCC2E94}.Debug|Any CPU.Build.0 = Debug|Any CPU
		{23A10443-01D8-45DC-A467-A07DEDCC2E94}.Debug|x64.ActiveCfg = Debug|Any CPU
		{23A10443-01D8-45DC-A467-A07DEDCC2E94}.Debug|x64.Build.0 = Debug|Any CPU
		{23A10443-01D8-45DC-A467-A07DEDCC2E94}.Release|Any CPU.ActiveCfg = Release|Any CPU
		{23A10443-01D8-45DC-A467-A07DEDCC2E94}.Release|Any CPU.Build.0 = Release|Any CPU
		{23A10443-01D8-45DC-A467-A07DEDCC2E94}.Release|x64.ActiveCfg = Release|Any CPU
		{23A10443-01D8-45DC-A467-A07DEDCC2E94}.Release|x64.Build.0 = Release|Any CPU
		{D66B6E4D-014F-478B-B52D-9263F737445E}.Debug|Any CPU.ActiveCfg = Debug|Any CPU
		{D66B6E4D-014F-478B-B52D-9263F737445E}.Debug|Any CPU.Build.0 = Debug|Any CPU
		{D66B6E4D-014F-478B-B52D-9263F737445E}.Debug|x64.ActiveCfg = Debug|Any CPU
		{D66B6E4D-014F-478B-B52D-9263F737445E}.Debug|x64.Build.0 = Debug|Any CPU
		{D66B6E4D-014F-478B-B52D-9263F737445E}.Release|Any CPU.ActiveCfg = Release|Any CPU
		{D66B6E4D-014F-478B-B52D-9263F737445E}.Release|Any CPU.Build.0 = Release|Any CPU
		{D66B6E4D-014F-478B-B52D-9263F737445E}.Release|x64.ActiveCfg = Release|Any CPU
		{D66B6E4D-014F-478B-B52D-9263F737445E}.Release|x64.Build.0 = Release|Any CPU
		{FA75BEE9-BC9C-4673-B5AD-E99241ED8B20}.Debug|Any CPU.ActiveCfg = Debug|Any CPU
		{FA75BEE9-BC9C-4673-B5AD-E99241ED8B20}.Debug|Any CPU.Build.0 = Debug|Any CPU
		{FA75BEE9-BC9C-4673-B5AD-E99241ED8B20}.Debug|x64.ActiveCfg = Debug|Any CPU
		{FA75BEE9-BC9C-4673-B5AD-E99241ED8B20}.Debug|x64.Build.0 = Debug|Any CPU
		{FA75BEE9-BC9C-4673-B5AD-E99241ED8B20}.Release|Any CPU.ActiveCfg = Release|Any CPU
		{FA75BEE9-BC9C-4673-B5AD-E99241ED8B20}.Release|Any CPU.Build.0 = Release|Any CPU
		{FA75BEE9-BC9C-4673-B5AD-E99241ED8B20}.Release|x64.ActiveCfg = Release|Any CPU
		{FA75BEE9-BC9C-4673-B5AD-E99241ED8B20}.Release|x64.Build.0 = Release|Any CPU
	EndGlobalSection
	GlobalSection(SolutionProperties) = preSolution
		HideSolutionNode = FALSE
	EndGlobalSection
	GlobalSection(NestedProjects) = preSolution
		{88DB8112-0C51-4BD8-B63C-D69E2D96CDAF} = {D5F7DB16-C4E3-4986-AC61-326C189F1447}
		{23A10443-01D8-45DC-A467-A07DEDCC2E94} = {D5F7DB16-C4E3-4986-AC61-326C189F1447}
		{D66B6E4D-014F-478B-B52D-9263F737445E} = {37F6BF22-DF05-440A-9A9C-2C8841F7C590}
		{FA75BEE9-BC9C-4673-B5AD-E99241ED8B20} = {ECAA2D4B-875B-411C-9A0F-B07CAC3C8D8E}
	EndGlobalSection
	GlobalSection(ExtensibilityGlobals) = postSolution
		SolutionGuid = {C515C6B6-F256-45FA-9EE5-FA69E1D68C17}
	EndGlobalSection
	GlobalSection(Performance) = preSolution
		HasPerformanceSessions = true
	EndGlobalSection
EndGlobal
